
Microsoft Visual Studio Solution File, Format Version 12.00
# Visual Studio 15
VisualStudioVersion = 15.0.28307.1800
MinimumVisualStudioVersion = 10.0.40219.1
Project("{FAE04EC0-301F-11D3-BF4B-00C04F79EFBC}") = "cricketwebapp", "cricketwebapp\cricketwebapp.csproj", "{878A997C-DC0E-49F3-B069-DC9B69105F4B}"
EndProject
Global
	GlobalSection(SolutionConfigurationPlatforms) = preSolution
		Debug|Any CPU = Debug|Any CPU
		Release|Any CPU = Release|Any CPU
	EndGlobalSection
	GlobalSection(ProjectConfigurationPlatforms) = postSolution
		{878A997C-DC0E-49F3-B069-DC9B69105F4B}.Debug|Any CPU.ActiveCfg = Debug|Any CPU
		{878A997C-DC0E-49F3-B069-DC9B69105F4B}.Debug|Any CPU.Build.0 = Debug|Any CPU
		{878A997C-DC0E-49F3-B069-DC9B69105F4B}.Release|Any CPU.ActiveCfg = Release|Any CPU
		{878A997C-DC0E-49F3-B069-DC9B69105F4B}.Release|Any CPU.Build.0 = Release|Any CPU
	EndGlobalSection
	GlobalSection(SolutionProperties) = preSolution
		HideSolutionNode = FALSE
	EndGlobalSection
	GlobalSection(ExtensibilityGlobals) = postSolution
		SolutionGuid = {C3634732-3175-4C4C-B05F-89865A5D254B}
	EndGlobalSection
EndGlobal
